// !$*UTF8*$!
{
	archiveVersion = 1;
	classes = {
	};
	objectVersion = 50;
	objects = {

/* Begin PBXBuildFile section */
		4EF0F867232CEB8E00F6A77C /* AppDelegate.swift in Sources */ = {isa = PBXBuildFile; fileRef = 4EF0F866232CEB8E00F6A77C /* AppDelegate.swift */; };
		4EF0F869232CEB8E00F6A77C /* art.scnassets in Resources */ = {isa = PBXBuildFile; fileRef = 4EF0F868232CEB8E00F6A77C /* art.scnassets */; };
		4EF0F86B232CEB8E00F6A77C /* ViewController.swift in Sources */ = {isa = PBXBuildFile; fileRef = 4EF0F86A232CEB8E00F6A77C /* ViewController.swift */; };
		4EF0F86E232CEB8E00F6A77C /* Main.storyboard in Resources */ = {isa = PBXBuildFile; fileRef = 4EF0F86C232CEB8E00F6A77C /* Main.storyboard */; };
		4EF0F870232CEB9400F6A77C /* Assets.xcassets in Resources */ = {isa = PBXBuildFile; fileRef = 4EF0F86F232CEB9400F6A77C /* Assets.xcassets */; };
		4EF0F873232CEB9400F6A77C /* LaunchScreen.storyboard in Resources */ = {isa = PBXBuildFile; fileRef = 4EF0F871232CEB9400F6A77C /* LaunchScreen.storyboard */; };
		4EF0F87E232CEB9600F6A77C /* ARDiceeTests.swift in Sources */ = {isa = PBXBuildFile; fileRef = 4EF0F87D232CEB9600F6A77C /* ARDiceeTests.swift */; };
/* End PBXBuildFile section */

/* Begin PBXContainerItemProxy section */
		4EF0F87A232CEB9600F6A77C /* PBXContainerItemProxy */ = {
			isa = PBXContainerItemProxy;
			containerPortal = 4EF0F85B232CEB8E00F6A77C /* Project object */;
			proxyType = 1;
			remoteGlobalIDString = 4EF0F862232CEB8E00F6A77C;
			remoteInfo = ARDicee;
		};
/* End PBXContainerItemProxy section */

/* Begin PBXFileReference section */
		4EF0F863232CEB8E00F6A77C /* ARDicee.app */ = {isa = PBXFileReference; explicitFileType = wrapper.application; includeInIndex = 0; path = ARDicee.app; sourceTree = BUILT_PRODUCTS_DIR; };
		4EF0F866232CEB8E00F6A77C /* AppDelegate.swift */ = {isa = PBXFileReference; lastKnownFileType = sourcecode.swift; path = AppDelegate.swift; sourceTree = "<group>"; };
		4EF0F868232CEB8E00F6A77C /* art.scnassets */ = {isa = PBXFileReference; lastKnownFileType = wrapper.scnassets; path = art.scnassets; sourceTree = "<group>"; };
		4EF0F86A232CEB8E00F6A77C /* ViewController.swift */ = {isa = PBXFileReference; lastKnownFileType = sourcecode.swift; path = ViewController.swift; sourceTree = "<group>"; };
		4EF0F86D232CEB8E00F6A77C /* Base */ = {isa = PBXFileReference; lastKnownFileType = file.storyboard; name = Base; path = Base.lproj/Main.storyboard; sourceTree = "<group>"; };
		4EF0F86F232CEB9400F6A77C /* Assets.xcassets */ = {isa = PBXFileReference; lastKnownFileType = folder.assetcatalog; path = Assets.xcassets; sourceTree = "<group>"; };
		4EF0F872232CEB9400F6A77C /* Base */ = {isa = PBXFileReference; lastKnownFileType = file.storyboard; name = Base; path = Base.lproj/LaunchScreen.storyboard; sourceTree = "<group>"; };
		4EF0F874232CEB9500F6A77C /* Info.plist */ = {isa = PBXFileReference; lastKnownFileType = text.plist.xml; path = Info.plist; sourceTree = "<group>"; };
		4EF0F879232CEB9600F6A77C /* ARDiceeTests.xctest */ = {isa = PBXFileReference; explicitFileType = wrapper.cfbundle; includeInIndex = 0; path = ARDiceeTests.xctest; sourceTree = BUILT_PRODUCTS_DIR; };
		4EF0F87D232CEB9600F6A77C /* ARDiceeTests.swift */ = {isa = PBXFileReference; lastKnownFileType = sourcecode.swift; path = ARDiceeTests.swift; sourceTree = "<group>"; };
		4EF0F87F232CEB9600F6A77C /* Info.plist */ = {isa = PBXFileReference; lastKnownFileType = text.plist.xml; path = Info.plist; sourceTree = "<group>"; };
/* End PBXFileReference section */

/* Begin PBXFrameworksBuildPhase section */
		4EF0F860232CEB8E00F6A77C /* Frameworks */ = {
			isa = PBXFrameworksBuildPhase;
			buildActionMask = 2147483647;
			files = (
			);
			runOnlyForDeploymentPostprocessing = 0;
		};
		4EF0F876232CEB9600F6A77C /* Frameworks */ = {
			isa = PBXFrameworksBuildPhase;
			buildActionMask = 2147483647;
			files = (
			);
			runOnlyForDeploymentPostprocessing = 0;
		};
/* End PBXFrameworksBuildPhase section */

/* Begin PBXGroup section */
		4EF0F85A232CEB8E00F6A77C = {
			isa = PBXGroup;
			children = (
				4EF0F865232CEB8E00F6A77C /* ARDicee */,
				4EF0F87C232CEB9600F6A77C /* ARDiceeTests */,
				4EF0F864232CEB8E00F6A77C /* Products */,
			);
			sourceTree = "<group>";
		};
		4EF0F864232CEB8E00F6A77C /* Products */ = {
			isa = PBXGroup;
			children = (
				4EF0F863232CEB8E00F6A77C /* ARDicee.app */,
				4EF0F879232CEB9600F6A77C /* ARDiceeTests.xctest */,
			);
			name = Products;
			sourceTree = "<group>";
		};
		4EF0F865232CEB8E00F6A77C /* ARDicee */ = {
			isa = PBXGroup;
			children = (
				4EF0F866232CEB8E00F6A77C /* AppDelegate.swift */,
				4EF0F868232CEB8E00F6A77C /* art.scnassets */,
				4EF0F86A232CEB8E00F6A77C /* ViewController.swift */,
				4EF0F86C232CEB8E00F6A77C /* Main.storyboard */,
				4EF0F86F232CEB9400F6A77C /* Assets.xcassets */,
				4EF0F871232CEB9400F6A77C /* LaunchScreen.storyboard */,
				4EF0F874232CEB9500F6A77C /* Info.plist */,
			);
			path = ARDicee;
			sourceTree = "<group>";
		};
		4EF0F87C232CEB9600F6A77C /* ARDiceeTests */ = {
			isa = PBXGroup;
			children = (
				4EF0F87D232CEB9600F6A77C /* ARDiceeTests.swift */,
				4EF0F87F232CEB9600F6A77C /* Info.plist */,
			);
			path = ARDiceeTests;
			sourceTree = "<group>";
		};
/* End PBXGroup section */

/* Begin PBXNativeTarget section */
		4EF0F862232CEB8E00F6A77C /* ARDicee */ = {
			isa = PBXNativeTarget;
			buildConfigurationList = 4EF0F882232CEB9600F6A77C /* Build configuration list for PBXNativeTarget "ARDicee" */;
			buildPhases = (
				4EF0F85F232CEB8E00F6A77C /* Sources */,
				4EF0F860232CEB8E00F6A77C /* Frameworks */,
				4EF0F861232CEB8E00F6A77C /* Resources */,
			);
			buildRules = (
			);
			dependencies = (
			);
			name = ARDicee;
			productName = ARDicee;
			productReference = 4EF0F863232CEB8E00F6A77C /* ARDicee.app */;
			productType = "com.apple.product-type.application";
		};
		4EF0F878232CEB9600F6A77C /* ARDiceeTests */ = {
			isa = PBXNativeTarget;
			buildConfigurationList = 4EF0F885232CEB9600F6A77C /* Build configuration list for PBXNativeTarget "ARDiceeTests" */;
			buildPhases = (
				4EF0F875232CEB9600F6A77C /* Sources */,
				4EF0F876232CEB9600F6A77C /* Frameworks */,
				4EF0F877232CEB9600F6A77C /* Resources */,
			);
			buildRules = (
			);
			dependencies = (
				4EF0F87B232CEB9600F6A77C /* PBXTargetDependency */,
			);
			name = ARDiceeTests;
			productName = ARDiceeTests;
			productReference = 4EF0F879232CEB9600F6A77C /* ARDiceeTests.xctest */;
			productType = "com.apple.product-type.bundle.unit-test";
		};
/* End PBXNativeTarget section */

/* Begin PBXProject section */
		4EF0F85B232CEB8E00F6A77C /* Project object */ = {
			isa = PBXProject;
			attributes = {
				LastSwiftUpdateCheck = 1100;
				LastUpgradeCheck = 1100;
				ORGANIZATIONNAME = sguedon;
				TargetAttributes = {
					4EF0F862232CEB8E00F6A77C = {
						CreatedOnToolsVersion = 11.0;
					};
					4EF0F878232CEB9600F6A77C = {
						CreatedOnToolsVersion = 11.0;
						TestTargetID = 4EF0F862232CEB8E00F6A77C;
					};
				};
			};
			buildConfigurationList = 4EF0F85E232CEB8E00F6A77C /* Build configuration list for PBXProject "ARDicee" */;
			compatibilityVersion = "Xcode 9.3";
			developmentRegion = en;
			hasScannedForEncodings = 0;
			knownRegions = (
				en,
				Base,
			);
			mainGroup = 4EF0F85A232CEB8E00F6A77C;
			productRefGroup = 4EF0F864232CEB8E00F6A77C /* Products */;
			projectDirPath = "";
			projectRoot = "";
			targets = (
				4EF0F862232CEB8E00F6A77C /* ARDicee */,
				4EF0F878232CEB9600F6A77C /* ARDiceeTests */,
			);
		};
/* End PBXProject section */

/* Begin PBXResourcesBuildPhase section */
		4EF0F861232CEB8E00F6A77C /* Resources */ = {
			isa = PBXResourcesBuildPhase;
			buildActionMask = 2147483647;
			files = (
				4EF0F869232CEB8E00F6A77C /* art.scnassets in Resources */,
				4EF0F873232CEB9400F6A77C /* LaunchScreen.storyboard in Resources */,
				4EF0F870232CEB9400F6A77C /* Assets.xcassets in Resources */,
				4EF0F86E232CEB8E00F6A77C /* Main.storyboard in Resources */,
			);
			runOnlyForDeploymentPostprocessing = 0;
		};
		4EF0F877232CEB9600F6A77C /* Resources */ = {
			isa = PBXResourcesBuildPhase;
			buildActionMask = 2147483647;
			files = (
			);
			runOnlyForDeploymentPostprocessing = 0;
		};
/* End PBXResourcesBuildPhase section */

/* Begin PBXSourcesBuildPhase section */
		4EF0F85F232CEB8E00F6A77C /* Sources */ = {
			isa = PBXSourcesBuildPhase;
			buildActionMask = 2147483647;
			files = (
				4EF0F86B232CEB8E00F6A77C /* ViewController.swift in Sources */,
				4EF0F867232CEB8E00F6A77C /* AppDelegate.swift in Sources */,
			);
			runOnlyForDeploymentPostprocessing = 0;
		};
		4EF0F875232CEB9600F6A77C /* Sources */ = {
			isa = PBXSourcesBuildPhase;
			buildActionMask = 2147483647;
			files = (
				4EF0F87E232CEB9600F6A77C /* ARDiceeTests.swift in Sources */,
			);
			runOnlyForDeploymentPostprocessing = 0;
		};
/* End PBXSourcesBuildPhase section */

/* Begin PBXTargetDependency section */
		4EF0F87B232CEB9600F6A77C /* PBXTargetDependency */ = {
			isa = PBXTargetDependency;
			target = 4EF0F862232CEB8E00F6A77C /* ARDicee */;
			targetProxy = 4EF0F87A232CEB9600F6A77C /* PBXContainerItemProxy */;
		};
/* End PBXTargetDependency section */

/* Begin PBXVariantGroup section */
		4EF0F86C232CEB8E00F6A77C /* Main.storyboard */ = {
			isa = PBXVariantGroup;
			children = (
				4EF0F86D232CEB8E00F6A77C /* Base */,
			);
			name = Main.storyboard;
			sourceTree = "<group>";
		};
		4EF0F871232CEB9400F6A77C /* LaunchScreen.storyboard */ = {
			isa = PBXVariantGroup;
			children = (
				4EF0F872232CEB9400F6A77C /* Base */,
			);
			name = LaunchScreen.storyboard;
			sourceTree = "<group>";
		};
/* End PBXVariantGroup section */

/* Begin XCBuildConfiguration section */
		4EF0F880232CEB9600F6A77C /* Debug */ = {
			isa = XCBuildConfiguration;
			buildSettings = {
				ALWAYS_SEARCH_USER_PATHS = NO;
				CLANG_ANALYZER_NONNULL = YES;
				CLANG_ANALYZER_NUMBER_OBJECT_CONVERSION = YES_AGGRESSIVE;
				CLANG_CXX_LANGUAGE_STANDARD = "gnu++14";
				CLANG_CXX_LIBRARY = "libc++";
				CLANG_ENABLE_MODULES = YES;
				CLANG_ENABLE_OBJC_ARC = YES;
				CLANG_ENABLE_OBJC_WEAK = YES;
				CLANG_WARN_BLOCK_CAPTURE_AUTORELEASING = YES;
				CLANG_WARN_BOOL_CONVERSION = YES;
				CLANG_WARN_COMMA = YES;
				CLANG_WARN_CONSTANT_CONVERSION = YES;
				CLANG_WARN_DEPRECATED_OBJC_IMPLEMENTATIONS = YES;
				CLANG_WARN_DIRECT_OBJC_ISA_USAGE = YES_ERROR;
				CLANG_WARN_DOCUMENTATION_COMMENTS = YES;
				CLANG_WARN_EMPTY_BODY = YES;
				CLANG_WARN_ENUM_CONVERSION = YES;
				CLANG_WARN_INFINITE_RECURSION = YES;
				CLANG_WARN_INT_CONVERSION = YES;
				CLANG_WARN_NON_LITERAL_NULL_CONVERSION = YES;
				CLANG_WARN_OBJC_IMPLICIT_RETAIN_SELF = YES;
				CLANG_WARN_OBJC_LITERAL_CONVERSION = YES;
				CLANG_WARN_OBJC_ROOT_CLASS = YES_ERROR;
				CLANG_WARN_RANGE_LOOP_ANALYSIS = YES;
				CLANG_WARN_STRICT_PROTOTYPES = YES;
				CLANG_WARN_SUSPICIOUS_MOVE = YES;
				CLANG_WARN_UNGUARDED_AVAILABILITY = YES_AGGRESSIVE;
				CLANG_WARN_UNREACHABLE_CODE = YES;
				CLANG_WARN__DUPLICATE_METHOD_MATCH = YES;
				COPY_PHASE_STRIP = NO;
				DEBUG_INFORMATION_FORMAT = dwarf;
				ENABLE_STRICT_OBJC_MSGSEND = YES;
				ENABLE_TESTABILITY = YES;
				GCC_C_LANGUAGE_STANDARD = gnu11;
				GCC_DYNAMIC_NO_PIC = NO;
				GCC_NO_COMMON_BLOCKS = YES;
				GCC_OPTIMIZATION_LEVEL = 0;
				GCC_PREPROCESSOR_DEFINITIONS = (
					"DEBUG=1",
					"$(inherited)",
				);
				GCC_WARN_64_TO_32_BIT_CONVERSION = YES;
				GCC_WARN_ABOUT_RETURN_TYPE = YES_ERROR;
				GCC_WARN_UNDECLARED_SELECTOR = YES;
				GCC_WARN_UNINITIALIZED_AUTOS = YES_AGGRESSIVE;
				GCC_WARN_UNUSED_FUNCTION = YES;
				GCC_WARN_UNUSED_VARIABLE = YES;
				IPHONEOS_DEPLOYMENT_TARGET = 13.0;
				MTL_ENABLE_DEBUG_INFO = INCLUDE_SOURCE;
				MTL_FAST_MATH = YES;
				ONLY_ACTIVE_ARCH = YES;
				SDKROOT = iphoneos;
				SWIFT_ACTIVE_COMPILATION_CONDITIONS = DEBUG;
				SWIFT_OPTIMIZATION_LEVEL = "-Onone";
			};
			name = Debug;
		};
		4EF0F881232CEB9600F6A77C /* Release */ = {
			isa = XCBuildConfiguration;
			buildSettings = {
				ALWAYS_SEARCH_USER_PATHS = NO;
				CLANG_ANALYZER_NONNULL = YES;
				CLANG_ANALYZER_NUMBER_OBJECT_CONVERSION = YES_AGGRESSIVE;
				CLANG_CXX_LANGUAGE_STANDARD = "gnu++14";
				CLANG_CXX_LIBRARY = "libc++";
				CLANG_ENABLE_MODULES = YES;
				CLANG_ENABLE_OBJC_ARC = YES;
				CLANG_ENABLE_OBJC_WEAK = YES;
				CLANG_WARN_BLOCK_CAPTURE_AUTORELEASING = YES;
				CLANG_WARN_BOOL_CONVERSION = YES;
				CLANG_WARN_COMMA = YES;
				CLANG_WARN_CONSTANT_CONVERSION = YES;
				CLANG_WARN_DEPRECATED_OBJC_IMPLEMENTATIONS = YES;
				CLANG_WARN_DIRECT_OBJC_ISA_USAGE = YES_ERROR;
				CLANG_WARN_DOCUMENTATION_COMMENTS = YES;
				CLANG_WARN_EMPTY_BODY = YES;
				CLANG_WARN_ENUM_CONVERSION = YES;
				CLANG_WARN_INFINITE_RECURSION = YES;
				CLANG_WARN_INT_CONVERSION = YES;
				CLANG_WARN_NON_LITERAL_NULL_CONVERSION = YES;
				CLANG_WARN_OBJC_IMPLICIT_RETAIN_SELF = YES;
				CLANG_WARN_OBJC_LITERAL_CONVERSION = YES;
				CLANG_WARN_OBJC_ROOT_CLASS = YES_ERROR;
				CLANG_WARN_RANGE_LOOP_ANALYSIS = YES;
				CLANG_WARN_STRICT_PROTOTYPES = YES;
				CLANG_WARN_SUSPICIOUS_MOVE = YES;
				CLANG_WARN_UNGUARDED_AVAILABILITY = YES_AGGRESSIVE;
				CLANG_WARN_UNREACHABLE_CODE = YES;
				CLANG_WARN__DUPLICATE_METHOD_MATCH = YES;
				COPY_PHASE_STRIP = NO;
				DEBUG_INFORMATION_FORMAT = "dwarf-with-dsym";
				ENABLE_NS_ASSERTIONS = NO;
				ENABLE_STRICT_OBJC_MSGSEND = YES;
				GCC_C_LANGUAGE_STANDARD = gnu11;
				GCC_NO_COMMON_BLOCKS = YES;
				GCC_WARN_64_TO_32_BIT_CONVERSION = YES;
				GCC_WARN_ABOUT_RETURN_TYPE = YES_ERROR;
				GCC_WARN_UNDECLARED_SELECTOR = YES;
				GCC_WARN_UNINITIALIZED_AUTOS = YES_AGGRESSIVE;
				GCC_WARN_UNUSED_FUNCTION = YES;
				GCC_WARN_UNUSED_VARIABLE = YES;
				IPHONEOS_DEPLOYMENT_TARGET = 13.0;
				MTL_ENABLE_DEBUG_INFO = NO;
				MTL_FAST_MATH = YES;
				SDKROOT = iphoneos;
				SWIFT_COMPILATION_MODE = wholemodule;
				SWIFT_OPTIMIZATION_LEVEL = "-O";
				VALIDATE_PRODUCT = YES;
			};
			name = Release;
		};
		4EF0F883232CEB9600F6A77C /* Debug */ = {
			isa = XCBuildConfiguration;
			buildSettings = {
				ASSETCATALOG_COMPILER_APPICON_NAME = AppIcon;
				CODE_SIGN_STYLE = Automatic;
				DEVELOPMENT_TEAM = 8D45QYCF83;
				INFOPLIST_FILE = ARDicee/Info.plist;
				LD_RUNPATH_SEARCH_PATHS = (
					"$(inherited)",
					"@executable_path/Frameworks",
				);
				PRODUCT_BUNDLE_IDENTIFIER = com.sguedon.ARDicee;
				PRODUCT_NAME = "$(TARGET_NAME)";
				SWIFT_VERSION = 5.0;
				TARGETED_DEVICE_FAMILY = "1,2";
			};
			name = Debug;
		};
		4EF0F884232CEB9600F6A77C /* Release */ = {
			isa = XCBuildConfiguration;
			buildSettings = {
				ASSETCATALOG_COMPILER_APPICON_NAME = AppIcon;
				CODE_SIGN_STYLE = Automatic;
				DEVELOPMENT_TEAM = 8D45QYCF83;
				INFOPLIST_FILE = ARDicee/Info.plist;
				LD_RUNPATH_SEARCH_PATHS = (
					"$(inherited)",
					"@executable_path/Frameworks",
				);
				PRODUCT_BUNDLE_IDENTIFIER = com.sguedon.ARDicee;
				PRODUCT_NAME = "$(TARGET_NAME)";
				SWIFT_VERSION = 5.0;
				TARGETED_DEVICE_FAMILY = "1,2";
			};
			name = Release;
		};
		4EF0F886232CEB9600F6A77C /* Debug */ = {
			isa = XCBuildConfiguration;
			buildSettings = {
				ALWAYS_EMBED_SWIFT_STANDARD_LIBRARIES = YES;
				BUNDLE_LOADER = "$(TEST_HOST)";
				CODE_SIGN_STYLE = Automatic;
				DEVELOPMENT_TEAM = 8D45QYCF83;
				INFOPLIST_FILE = ARDiceeTests/Info.plist;
				IPHONEOS_DEPLOYMENT_TARGET = 13.0;
				LD_RUNPATH_SEARCH_PATHS = (
					"$(inherited)",
					"@executable_path/Frameworks",
					"@loader_path/Frameworks",
				);
				PRODUCT_BUNDLE_IDENTIFIER = com.sguedon.ARDiceeTests;
				PRODUCT_NAME = "$(TARGET_NAME)";
				SWIFT_VERSION = 5.0;
				TARGETED_DEVICE_FAMILY = "1,2";
				TEST_HOST = "$(BUILT_PRODUCTS_DIR)/ARDicee.app/ARDicee";
			};
			name = Debug;
		};
		4EF0F887232CEB9600F6A77C /* Release */ = {
			isa = XCBuildConfiguration;
			buildSettings = {
				ALWAYS_EMBED_SWIFT_STANDARD_LIBRARIES = YES;
				BUNDLE_LOADER = "$(TEST_HOST)";
				CODE_SIGN_STYLE = Automatic;
				DEVELOPMENT_TEAM = 8D45QYCF83;
				INFOPLIST_FILE = ARDiceeTests/Info.plist;
				IPHONEOS_DEPLOYMENT_TARGET = 13.0;
				LD_RUNPATH_SEARCH_PATHS = (
					"$(inherited)",
					"@executable_path/Frameworks",
					"@loader_path/Frameworks",
				);
				PRODUCT_BUNDLE_IDENTIFIER = com.sguedon.ARDiceeTests;
				PRODUCT_NAME = "$(TARGET_NAME)";
				SWIFT_VERSION = 5.0;
				TARGETED_DEVICE_FAMILY = "1,2";
				TEST_HOST = "$(BUILT_PRODUCTS_DIR)/ARDicee.app/ARDicee";
			};
			name = Release;
		};
/* End XCBuildConfiguration section */

/* Begin XCConfigurationList section */
		4EF0F85E232CEB8E00F6A77C /* Build configuration list for PBXProject "ARDicee" */ = {
			isa = XCConfigurationList;
			buildConfigurations = (
				4EF0F880232CEB9600F6A77C /* Debug */,
				4EF0F881232CEB9600F6A77C /* Release */,
			);
			defaultConfigurationIsVisible = 0;
			defaultConfigurationName = Release;
		};
		4EF0F882232CEB9600F6A77C /* Build configuration list for PBXNativeTarget "ARDicee" */ = {
			isa = XCConfigurationList;
			buildConfigurations = (
				4EF0F883232CEB9600F6A77C /* Debug */,
				4EF0F884232CEB9600F6A77C /* Release */,
			);
			defaultConfigurationIsVisible = 0;
			defaultConfigurationName = Release;
		};
		4EF0F885232CEB9600F6A77C /* Build configuration list for PBXNativeTarget "ARDiceeTests" */ = {
			isa = XCConfigurationList;
			buildConfigurations = (
				4EF0F886232CEB9600F6A77C /* Debug */,
				4EF0F887232CEB9600F6A77C /* Release */,
			);
			defaultConfigurationIsVisible = 0;
			defaultConfigurationName = Release;
		};
/* End XCConfigurationList section */
	};
	rootObject = 4EF0F85B232CEB8E00F6A77C /* Project object */;
}
